
Microsoft Visual Studio Solution File, Format Version 12.00
# Visual Studio Version 17
VisualStudioVersion = 17.7.34031.279
MinimumVisualStudioVersion = 10.0.40219.1
Project("{FAE04EC0-301F-11D3-BF4B-00C04F79EFBC}") = "MauiFullScreenSample", "MauiFullScreenSample\MauiFullScreenSample.csproj", "{5B584C8A-C370-4828-AE12-DD9796D9AD77}"
EndProject
Global
	GlobalSection(SolutionConfigurationPlatforms) = preSolution
		Debug|Any CPU = Debug|Any CPU
		Release|Any CPU = Release|Any CPU
	EndGlobalSection
	GlobalSection(ProjectConfigurationPlatforms) = postSolution
		{5B584C8A-C370-4828-AE12-DD9796D9AD77}.Debug|Any CPU.ActiveCfg = Debug|Any CPU
		{5B584C8A-C370-4828-AE12-DD9796D9AD77}.Debug|Any CPU.Build.0 = Debug|Any CPU
		{5B584C8A-C370-4828-AE12-DD9796D9AD77}.Debug|Any CPU.Deploy.0 = Debug|Any CPU
		{5B584C8A-C370-4828-AE12-DD9796D9AD77}.Release|Any CPU.ActiveCfg = Release|Any CPU
		{5B584C8A-C370-4828-AE12-DD9796D9AD77}.Release|Any CPU.Build.0 = Release|Any CPU
		{5B584C8A-C370-4828-AE12-DD9796D9AD77}.Release|Any CPU.Deploy.0 = Release|Any CPU
	EndGlobalSection
	GlobalSection(SolutionProperties) = preSolution
		HideSolutionNode = FALSE
	EndGlobalSection
	GlobalSection(ExtensibilityGlobals) = postSolution
		SolutionGuid = {3C573B72-634E-4DA8-BBA2-A927F03143B9}
	EndGlobalSection
EndGlobal
